PODS:
  - Capacitor (7.4.2):
    - CapacitorCordova
  - CapacitorCamera (7.0.1):
    - Capacitor
  - CapacitorCommunityBarcodeScanner (4.0.1):
    - Capacitor
  - CapacitorCommunityMedia (8.0.1):
    - Capacitor
    - SDWebImage
  - CapacitorCordova (7.4.2)
  - CapacitorDevice (7.0.1):
    - Capacitor
  - CapacitorFilesystem (7.1.2):
    - Capacitor
    - IONFilesystemLib (~> 1.0)
  - IONFilesystemLib (1.0.0)
  - SDWebImage (5.21.1):
    - SDWebImage/Core (= 5.21.1)
  - SDWebImage/Core (5.21.1)

DEPENDENCIES:
  - "Capacitor (from `../../node_modules/@capacitor/ios`)"
  - "CapacitorCamera (from `../../node_modules/@capacitor/camera`)"
  - "CapacitorCommunityBarcodeScanner (from `../../node_modules/@capacitor-community/barcode-scanner`)"
  - "CapacitorCommunityMedia (from `../../node_modules/@capacitor-community/media`)"
  - "CapacitorCordova (from `../../node_modules/@capacitor/ios`)"
  - "CapacitorDevice (from `../../node_modules/@capacitor/device`)"
  - "CapacitorFilesystem (from `../../node_modules/@capacitor/filesystem`)"

SPEC REPOS:
  trunk:
    - IONFilesystemLib
    - SDWebImage

EXTERNAL SOURCES:
  Capacitor:
    :path: "../../node_modules/@capacitor/ios"
  CapacitorCamera:
    :path: "../../node_modules/@capacitor/camera"
  CapacitorCommunityBarcodeScanner:
    :path: "../../node_modules/@capacitor-community/barcode-scanner"
  CapacitorCommunityMedia:
    :path: "../../node_modules/@capacitor-community/media"
  CapacitorCordova:
    :path: "../../node_modules/@capacitor/ios"
  CapacitorDevice:
    :path: "../../node_modules/@capacitor/device"
  CapacitorFilesystem:
    :path: "../../node_modules/@capacitor/filesystem"

SPEC CHECKSUMS:
  Capacitor: 9d9e481b79ffaeacaf7a85d6a11adec32bd33b59
  CapacitorCamera: 6e73f1fc6c629a672658705a02409b60854bc0f1
  CapacitorCommunityBarcodeScanner: 100051f49caad62966f331cbdf6844a3e51db8e9
  CapacitorCommunityMedia: d1538b56a3303298e7cf45a18b11e624fbcbdc8e
  CapacitorCordova: 5e58d04631bc5094894ac106e2bf1da18a9e6151
  CapacitorDevice: c6f6d587dd310527f8a48bf09c4e7b4a4cf14329
  CapacitorFilesystem: 337eeaf16a9fa5a44d2329df411523fa3a9a6ee9
  IONFilesystemLib: ceacae793975039530458eabab0c495c70515a0d
  SDWebImage: f29024626962457f3470184232766516dee8dfea

PODFILE CHECKSUM: c9f43966e7e6a432167fb264ddc7785b01a9186f

COCOAPODS: 1.16.2
